// !$*UTF8*$!
{
	archiveVersion = 1;
	classes = {
	};
	objectVersion = 48;
	objects = {

/* Begin PBXBuildFile section */
		7CC9D7A1215422DB001FF5A5 /* AppDelegate.swift in Sources */ = {isa = PBXBuildFile; fileRef = 7CC9D7A0215422DB001FF5A5 /* AppDelegate.swift */; };
		7CC9D7A3215422DB001FF5A5 /* ViewController.swift in Sources */ = {isa = PBXBuildFile; fileRef = 7CC9D7A2215422DB001FF5A5 /* ViewController.swift */; };
		7CC9D7A6215422DB001FF5A5 /* Main.storyboard in Resources */ = {isa = PBXBuildFile; fileRef = 7CC9D7A4215422DB001FF5A5 /* Main.storyboard */; };
		7CC9D7A8215422DB001FF5A5 /* Assets.xcassets in Resources */ = {isa = PBXBuildFile; fileRef = 7CC9D7A7215422DB001FF5A5 /* Assets.xcassets */; };
		7CC9D7AB215422DB001FF5A5 /* LaunchScreen.storyboard in Resources */ = {isa = PBXBuildFile; fileRef = 7CC9D7A9215422DB001FF5A5 /* LaunchScreen.storyboard */; };
		7CC9D7B921542744001FF5A5 /* SmaaashSDK.framework in Frameworks */ = {isa = PBXBuildFile; fileRef = 7CC9D7B821542744001FF5A5 /* SmaaashSDK.framework */; };
		7CC9D7BA21542744001FF5A5 /* SmaaashSDK.framework in Embed Frameworks */ = {isa = PBXBuildFile; fileRef = 7CC9D7B821542744001FF5A5 /* SmaaashSDK.framework */; settings = {ATTRIBUTES = (CodeSignOnCopy, RemoveHeadersOnCopy, ); }; };
/* End PBXBuildFile section */

/* Begin PBXCopyFilesBuildPhase section */
		7CC9D7B7215423C8001FF5A5 /* Embed Frameworks */ = {
			isa = PBXCopyFilesBuildPhase;
			buildActionMask = 2147483647;
			dstPath = "";
			dstSubfolderSpec = 10;
			files = (
				7CC9D7BA21542744001FF5A5 /* SmaaashSDK.framework in Embed Frameworks */,
			);
			name = "Embed Frameworks";
			runOnlyForDeploymentPostprocessing = 0;
		};
/* End PBXCopyFilesBuildPhase section */

/* Begin PBXFileReference section */
		7CC9D79D215422DB001FF5A5 /* SmaaashSDKExample.app */ = {isa = PBXFileReference; explicitFileType = wrapper.application; includeInIndex = 0; path = SmaaashSDKExample.app; sourceTree = BUILT_PRODUCTS_DIR; };
		7CC9D7A0215422DB001FF5A5 /* AppDelegate.swift */ = {isa = PBXFileReference; lastKnownFileType = sourcecode.swift; path = AppDelegate.swift; sourceTree = "<group>"; };
		7CC9D7A2215422DB001FF5A5 /* ViewController.swift */ = {isa = PBXFileReference; lastKnownFileType = sourcecode.swift; path = ViewController.swift; sourceTree = "<group>"; };
		7CC9D7A5215422DB001FF5A5 /* Base */ = {isa = PBXFileReference; lastKnownFileType = file.storyboard; name = Base; path = Base.lproj/Main.storyboard; sourceTree = "<group>"; };
		7CC9D7A7215422DB001FF5A5 /* Assets.xcassets */ = {isa = PBXFileReference; lastKnownFileType = folder.assetcatalog; path = Assets.xcassets; sourceTree = "<group>"; };
		7CC9D7AA215422DB001FF5A5 /* Base */ = {isa = PBXFileReference; lastKnownFileType = file.storyboard; name = Base; path = Base.lproj/LaunchScreen.storyboard; sourceTree = "<group>"; };
		7CC9D7AC215422DB001FF5A5 /* Info.plist */ = {isa = PBXFileReference; lastKnownFileType = text.plist.xml; path = Info.plist; sourceTree = "<group>"; };
		7CC9D7B821542744001FF5A5 /* SmaaashSDK.framework */ = {isa = PBXFileReference; lastKnownFileType = wrapper.framework; path = SmaaashSDK.framework; sourceTree = "<group>"; };
/* End PBXFileReference section */

/* Begin PBXFrameworksBuildPhase section */
		7CC9D79A215422DB001FF5A5 /* Frameworks */ = {
			isa = PBXFrameworksBuildPhase;
			buildActionMask = 2147483647;
			files = (
				7CC9D7B921542744001FF5A5 /* SmaaashSDK.framework in Frameworks */,
			);
			runOnlyForDeploymentPostprocessing = 0;
		};
/* End PBXFrameworksBuildPhase section */

/* Begin PBXGroup section */
		7CC9D794215422DB001FF5A5 = {
			isa = PBXGroup;
			children = (
				7CC9D7B821542744001FF5A5 /* SmaaashSDK.framework */,
				7CC9D79F215422DB001FF5A5 /* SmaaashSDKExample */,
				7CC9D79E215422DB001FF5A5 /* Products */,
			);
			sourceTree = "<group>";
		};
		7CC9D79E215422DB001FF5A5 /* Products */ = {
			isa = PBXGroup;
			children = (
				7CC9D79D215422DB001FF5A5 /* SmaaashSDKExample.app */,
			);
			name = Products;
			sourceTree = "<group>";
		};
		7CC9D79F215422DB001FF5A5 /* SmaaashSDKExample */ = {
			isa = PBXGroup;
			children = (
				7CC9D7A0215422DB001FF5A5 /* AppDelegate.swift */,
				7CC9D7A2215422DB001FF5A5 /* ViewController.swift */,
				7CC9D7A4215422DB001FF5A5 /* Main.storyboard */,
				7CC9D7A7215422DB001FF5A5 /* Assets.xcassets */,
				7CC9D7A9215422DB001FF5A5 /* LaunchScreen.storyboard */,
				7CC9D7AC215422DB001FF5A5 /* Info.plist */,
			);
			path = SmaaashSDKExample;
			sourceTree = "<group>";
		};
/* End PBXGroup section */

/* Begin PBXNativeTarget section */
		7CC9D79C215422DB001FF5A5 /* SmaaashSDKExample */ = {
			isa = PBXNativeTarget;
			buildConfigurationList = 7CC9D7AF215422DB001FF5A5 /* Build configuration list for PBXNativeTarget "SmaaashSDKExample" */;
			buildPhases = (
				7CC9D799215422DB001FF5A5 /* Sources */,
				7CC9D79A215422DB001FF5A5 /* Frameworks */,
				7CC9D79B215422DB001FF5A5 /* Resources */,
				7CC9D7B7215423C8001FF5A5 /* Embed Frameworks */,
			);
			buildRules = (
			);
			dependencies = (
			);
			name = SmaaashSDKExample;
			productName = SmaaashSDKExample;
			productReference = 7CC9D79D215422DB001FF5A5 /* SmaaashSDKExample.app */;
			productType = "com.apple.product-type.application";
		};
/* End PBXNativeTarget section */

/* Begin PBXProject section */
		7CC9D795215422DB001FF5A5 /* Project object */ = {
			isa = PBXProject;
			attributes = {
				LastSwiftUpdateCheck = 0920;
				LastUpgradeCheck = 0920;
				ORGANIZATIONNAME = "Rakesh Gujari";
				TargetAttributes = {
					7CC9D79C215422DB001FF5A5 = {
						CreatedOnToolsVersion = 9.2;
						ProvisioningStyle = Automatic;
					};
				};
			};
			buildConfigurationList = 7CC9D798215422DB001FF5A5 /* Build configuration list for PBXProject "SmaaashSDKExample" */;
			compatibilityVersion = "Xcode 8.0";
			developmentRegion = en;
			hasScannedForEncodings = 0;
			knownRegions = (
				en,
				Base,
			);
			mainGroup = 7CC9D794215422DB001FF5A5;
			productRefGroup = 7CC9D79E215422DB001FF5A5 /* Products */;
			projectDirPath = "";
			projectRoot = "";
			targets = (
				7CC9D79C215422DB001FF5A5 /* SmaaashSDKExample */,
			);
		};
/* End PBXProject section */

/* Begin PBXResourcesBuildPhase section */
		7CC9D79B215422DB001FF5A5 /* Resources */ = {
			isa = PBXResourcesBuildPhase;
			buildActionMask = 2147483647;
			files = (
				7CC9D7AB215422DB001FF5A5 /* LaunchScreen.storyboard in Resources */,
				7CC9D7A8215422DB001FF5A5 /* Assets.xcassets in Resources */,
				7CC9D7A6215422DB001FF5A5 /* Main.storyboard in Resources */,
			);
			runOnlyForDeploymentPostprocessing = 0;
		};
/* End PBXResourcesBuildPhase section */

/* Begin PBXSourcesBuildPhase section */
		7CC9D799215422DB001FF5A5 /* Sources */ = {
			isa = PBXSourcesBuildPhase;
			buildActionMask = 2147483647;
			files = (
				7CC9D7A3215422DB001FF5A5 /* ViewController.swift in Sources */,
				7CC9D7A1215422DB001FF5A5 /* AppDelegate.swift in Sources */,
			);
			runOnlyForDeploymentPostprocessing = 0;
		};
/* End PBXSourcesBuildPhase section */

/* Begin PBXVariantGroup section */
		7CC9D7A4215422DB001FF5A5 /* Main.storyboard */ = {
			isa = PBXVariantGroup;
			children = (
				7CC9D7A5215422DB001FF5A5 /* Base */,
			);
			name = Main.storyboard;
			sourceTree = "<group>";
		};
		7CC9D7A9215422DB001FF5A5 /* LaunchScreen.storyboard */ = {
			isa = PBXVariantGroup;
			children = (
				7CC9D7AA215422DB001FF5A5 /* Base */,
			);
			name = LaunchScreen.storyboard;
			sourceTree = "<group>";
		};
/* End PBXVariantGroup section */

/* Begin XCBuildConfiguration section */
		7CC9D7AD215422DB001FF5A5 /* Debug */ = {
			isa = XCBuildConfiguration;
			buildSettings = {
				ALWAYS_SEARCH_USER_PATHS = NO;
				CLANG_ANALYZER_NONNULL = YES;
				CLANG_ANALYZER_NUMBER_OBJECT_CONVERSION = YES_AGGRESSIVE;
				CLANG_CXX_LANGUAGE_STANDARD = "gnu++14";
				CLANG_CXX_LIBRARY = "libc++";
				CLANG_ENABLE_MODULES = YES;
				CLANG_ENABLE_OBJC_ARC = YES;
				CLANG_WARN_BLOCK_CAPTURE_AUTORELEASING = YES;
				CLANG_WARN_BOOL_CONVERSION = YES;
				CLANG_WARN_COMMA = YES;
				CLANG_WARN_CONSTANT_CONVERSION = YES;
				CLANG_WARN_DIRECT_OBJC_ISA_USAGE = YES_ERROR;
				CLANG_WARN_DOCUMENTATION_COMMENTS = YES;
				CLANG_WARN_EMPTY_BODY = YES;
				CLANG_WARN_ENUM_CONVERSION = YES;
				CLANG_WARN_INFINITE_RECURSION = YES;
				CLANG_WARN_INT_CONVERSION = YES;
				CLANG_WARN_NON_LITERAL_NULL_CONVERSION = YES;
				CLANG_WARN_OBJC_LITERAL_CONVERSION = YES;
				CLANG_WARN_OBJC_ROOT_CLASS = YES_ERROR;
				CLANG_WARN_RANGE_LOOP_ANALYSIS = YES;
				CLANG_WARN_STRICT_PROTOTYPES = YES;
				CLANG_WARN_SUSPICIOUS_MOVE = YES;
				CLANG_WARN_UNGUARDED_AVAILABILITY = YES_AGGRESSIVE;
				CLANG_WARN_UNREACHABLE_CODE = YES;
				CLANG_WARN__DUPLICATE_METHOD_MATCH = YES;
				CODE_SIGN_IDENTITY = "iPhone Developer";
				COPY_PHASE_STRIP = NO;
				DEBUG_INFORMATION_FORMAT = dwarf;
				ENABLE_STRICT_OBJC_MSGSEND = YES;
				ENABLE_TESTABILITY = YES;
				GCC_C_LANGUAGE_STANDARD = gnu11;
				GCC_DYNAMIC_NO_PIC = NO;
				GCC_NO_COMMON_BLOCKS = YES;
				GCC_OPTIMIZATION_LEVEL = 0;
				GCC_PREPROCESSOR_DEFINITIONS = (
					"DEBUG=1",
					"$(inherited)",
				);
				GCC_WARN_64_TO_32_BIT_CONVERSION = YES;
				GCC_WARN_ABOUT_RETURN_TYPE = YES_ERROR;
				GCC_WARN_UNDECLARED_SELECTOR = YES;
				GCC_WARN_UNINITIALIZED_AUTOS = YES_AGGRESSIVE;
				GCC_WARN_UNUSED_FUNCTION = YES;
				GCC_WARN_UNUSED_VARIABLE = YES;
				IPHONEOS_DEPLOYMENT_TARGET = 11.2;
				MTL_ENABLE_DEBUG_INFO = YES;
				ONLY_ACTIVE_ARCH = YES;
				SDKROOT = iphoneos;
				SWIFT_ACTIVE_COMPILATION_CONDITIONS = DEBUG;
				SWIFT_OPTIMIZATION_LEVEL = "-Onone";
			};
			name = Debug;
		};
		7CC9D7AE215422DB001FF5A5 /* Release */ = {
			isa = XCBuildConfiguration;
			buildSettings = {
				ALWAYS_SEARCH_USER_PATHS = NO;
				CLANG_ANALYZER_NONNULL = YES;
				CLANG_ANALYZER_NUMBER_OBJECT_CONVERSION = YES_AGGRESSIVE;
				CLANG_CXX_LANGUAGE_STANDARD = "gnu++14";
				CLANG_CXX_LIBRARY = "libc++";
				CLANG_ENABLE_MODULES = YES;
				CLANG_ENABLE_OBJC_ARC = YES;
				CLANG_WARN_BLOCK_CAPTURE_AUTORELEASING = YES;
				CLANG_WARN_BOOL_CONVERSION = YES;
				CLANG_WARN_COMMA = YES;
				CLANG_WARN_CONSTANT_CONVERSION = YES;
				CLANG_WARN_DIRECT_OBJC_ISA_USAGE = YES_ERROR;
				CLANG_WARN_DOCUMENTATION_COMMENTS = YES;
				CLANG_WARN_EMPTY_BODY = YES;
				CLANG_WARN_ENUM_CONVERSION = YES;
				CLANG_WARN_INFINITE_RECURSION = YES;
				CLANG_WARN_INT_CONVERSION = YES;
				CLANG_WARN_NON_LITERAL_NULL_CONVERSION = YES;
				CLANG_WARN_OBJC_LITERAL_CONVERSION = YES;
				CLANG_WARN_OBJC_ROOT_CLASS = YES_ERROR;
				CLANG_WARN_RANGE_LOOP_ANALYSIS = YES;
				CLANG_WARN_STRICT_PROTOTYPES = YES;
				CLANG_WARN_SUSPICIOUS_MOVE = YES;
				CLANG_WARN_UNGUARDED_AVAILABILITY = YES_AGGRESSIVE;
				CLANG_WARN_UNREACHABLE_CODE = YES;
				CLANG_WARN__DUPLICATE_METHOD_MATCH = YES;
				CODE_SIGN_IDENTITY = "iPhone Developer";
				COPY_PHASE_STRIP = NO;
				DEBUG_INFORMATION_FORMAT = "dwarf-with-dsym";
				ENABLE_NS_ASSERTIONS = NO;
				ENABLE_STRICT_OBJC_MSGSEND = YES;
				GCC_C_LANGUAGE_STANDARD = gnu11;
				GCC_NO_COMMON_BLOCKS = YES;
				GCC_WARN_64_TO_32_BIT_CONVERSION = YES;
				GCC_WARN_ABOUT_RETURN_TYPE = YES_ERROR;
				GCC_WARN_UNDECLARED_SELECTOR = YES;
				GCC_WARN_UNINITIALIZED_AUTOS = YES_AGGRESSIVE;
				GCC_WARN_UNUSED_FUNCTION = YES;
				GCC_WARN_UNUSED_VARIABLE = YES;
				IPHONEOS_DEPLOYMENT_TARGET = 11.2;
				MTL_ENABLE_DEBUG_INFO = NO;
				SDKROOT = iphoneos;
				SWIFT_OPTIMIZATION_LEVEL = "-Owholemodule";
				VALIDATE_PRODUCT = YES;
			};
			name = Release;
		};
		7CC9D7B0215422DB001FF5A5 /* Debug */ = {
			isa = XCBuildConfiguration;
			buildSettings = {
				ASSETCATALOG_COMPILER_APPICON_NAME = AppIcon;
				CODE_SIGN_STYLE = Automatic;
				FRAMEWORK_SEARCH_PATHS = (
					"$(inherited)",
					"$(PROJECT_DIR)/SmaaashSDKExample",
					"$(PROJECT_DIR)",
				);
				INFOPLIST_FILE = SmaaashSDKExample/Info.plist;
				LD_RUNPATH_SEARCH_PATHS = "$(inherited) @executable_path/Frameworks";
				PRODUCT_BUNDLE_IDENTIFIER = com.smaaash.SmaaashSDKExample;
				PRODUCT_NAME = "$(TARGET_NAME)";
				SWIFT_VERSION = 4.0;
				TARGETED_DEVICE_FAMILY = "1,2";
			};
			name = Debug;
		};
		7CC9D7B1215422DB001FF5A5 /* Release */ = {
			isa = XCBuildConfiguration;
			buildSettings = {
				ASSETCATALOG_COMPILER_APPICON_NAME = AppIcon;
				CODE_SIGN_STYLE = Automatic;
				FRAMEWORK_SEARCH_PATHS = (
					"$(inherited)",
					"$(PROJECT_DIR)/SmaaashSDKExample",
					"$(PROJECT_DIR)",
				);
				INFOPLIST_FILE = SmaaashSDKExample/Info.plist;
				LD_RUNPATH_SEARCH_PATHS = "$(inherited) @executable_path/Frameworks";
				PRODUCT_BUNDLE_IDENTIFIER = com.smaaash.SmaaashSDKExample;
				PRODUCT_NAME = "$(TARGET_NAME)";
				SWIFT_VERSION = 4.0;
				TARGETED_DEVICE_FAMILY = "1,2";
			};
			name = Release;
		};
/* End XCBuildConfiguration section */

/* Begin XCConfigurationList section */
		7CC9D798215422DB001FF5A5 /* Build configuration list for PBXProject "SmaaashSDKExample" */ = {
			isa = XCConfigurationList;
			buildConfigurations = (
				7CC9D7AD215422DB001FF5A5 /* Debug */,
				7CC9D7AE215422DB001FF5A5 /* Release */,
			);
			defaultConfigurationIsVisible = 0;
			defaultConfigurationName = Release;
		};
		7CC9D7AF215422DB001FF5A5 /* Build configuration list for PBXNativeTarget "SmaaashSDKExample" */ = {
			isa = XCConfigurationList;
			buildConfigurations = (
				7CC9D7B0215422DB001FF5A5 /* Debug */,
				7CC9D7B1215422DB001FF5A5 /* Release */,
			);
			defaultConfigurationIsVisible = 0;
			defaultConfigurationName = Release;
		};
/* End XCConfigurationList section */
	};
	rootObject = 7CC9D795215422DB001FF5A5 /* Project object */;
}
